
Microsoft Visual Studio Solution File, Format Version 12.00
# Visual Studio Version 17
VisualStudioVersion = 17.7.34024.191
MinimumVisualStudioVersion = 10.0.40219.1
Project("{9A19103F-16F7-4668-BE54-9A1E7A4F7556}") = "pz_01", "pz_01\pz_01.csproj", "{D2DB9938-8F28-4B0C-809D-EBE70C819E7C}"
EndProject
Project("{9A19103F-16F7-4668-BE54-9A1E7A4F7556}") = "pz_02", "pz_02\pz_02.csproj", "{4006A280-B687-4358-BE96-515FA3AE0694}"
EndProject
Project("{9A19103F-16F7-4668-BE54-9A1E7A4F7556}") = "pz_03", "pz_03\pz_03.csproj", "{8A1413E2-E64B-4919-A43A-B896478FE0AB}"
EndProject
Project("{9A19103F-16F7-4668-BE54-9A1E7A4F7556}") = "pz_04", "pz_04\pz_04.csproj", "{6DDB97B6-627E-4C90-B104-27028E63FAF2}"
EndProject
Project("{9A19103F-16F7-4668-BE54-9A1E7A4F7556}") = "pz_05", "pz_05\pz_05.csproj", "{0566ABDD-2FEE-48D9-90E6-18E2466FD1CE}"
EndProject
Project("{9A19103F-16F7-4668-BE54-9A1E7A4F7556}") = "pz_07", "pz_07\pz_07.csproj", "{1EDA3CDB-E448-4DFD-8F3B-A45AEB6A23C5}"
EndProject
Project("{9A19103F-16F7-4668-BE54-9A1E7A4F7556}") = "pz_08", "pz_08\pz_08.csproj", "{6CA8EAE1-ACD9-4CA5-8802-FCAD099A178F}"
EndProject
Project("{FAE04EC0-301F-11D3-BF4B-00C04F79EFBC}") = "pz_09", "pz_09\pz_09.csproj", "{866CE1CD-5D05-4E20-B6B9-620717E3FED6}"
EndProject
Global
	GlobalSection(SolutionConfigurationPlatforms) = preSolution
		Debug|Any CPU = Debug|Any CPU
		Release|Any CPU = Release|Any CPU
	EndGlobalSection
	GlobalSection(ProjectConfigurationPlatforms) = postSolution
		{D2DB9938-8F28-4B0C-809D-EBE70C819E7C}.Debug|Any CPU.ActiveCfg = Debug|Any CPU
		{D2DB9938-8F28-4B0C-809D-EBE70C819E7C}.Debug|Any CPU.Build.0 = Debug|Any CPU
		{D2DB9938-8F28-4B0C-809D-EBE70C819E7C}.Release|Any CPU.ActiveCfg = Release|Any CPU
		{D2DB9938-8F28-4B0C-809D-EBE70C819E7C}.Release|Any CPU.Build.0 = Release|Any CPU
		{4006A280-B687-4358-BE96-515FA3AE0694}.Debug|Any CPU.ActiveCfg = Debug|Any CPU
		{4006A280-B687-4358-BE96-515FA3AE0694}.Debug|Any CPU.Build.0 = Debug|Any CPU
		{4006A280-B687-4358-BE96-515FA3AE0694}.Release|Any CPU.ActiveCfg = Release|Any CPU
		{4006A280-B687-4358-BE96-515FA3AE0694}.Release|Any CPU.Build.0 = Release|Any CPU
		{8A1413E2-E64B-4919-A43A-B896478FE0AB}.Debug|Any CPU.ActiveCfg = Debug|Any CPU
		{8A1413E2-E64B-4919-A43A-B896478FE0AB}.Debug|Any CPU.Build.0 = Debug|Any CPU
		{8A1413E2-E64B-4919-A43A-B896478FE0AB}.Release|Any CPU.ActiveCfg = Release|Any CPU
		{8A1413E2-E64B-4919-A43A-B896478FE0AB}.Release|Any CPU.Build.0 = Release|Any CPU
		{6DDB97B6-627E-4C90-B104-27028E63FAF2}.Debug|Any CPU.ActiveCfg = Debug|Any CPU
		{6DDB97B6-627E-4C90-B104-27028E63FAF2}.Debug|Any CPU.Build.0 = Debug|Any CPU
		{6DDB97B6-627E-4C90-B104-27028E63FAF2}.Release|Any CPU.ActiveCfg = Release|Any CPU
		{6DDB97B6-627E-4C90-B104-27028E63FAF2}.Release|Any CPU.Build.0 = Release|Any CPU
		{0566ABDD-2FEE-48D9-90E6-18E2466FD1CE}.Debug|Any CPU.ActiveCfg = Debug|Any CPU
		{0566ABDD-2FEE-48D9-90E6-18E2466FD1CE}.Debug|Any CPU.Build.0 = Debug|Any CPU
		{0566ABDD-2FEE-48D9-90E6-18E2466FD1CE}.Release|Any CPU.ActiveCfg = Release|Any CPU
		{0566ABDD-2FEE-48D9-90E6-18E2466FD1CE}.Release|Any CPU.Build.0 = Release|Any CPU
		{1EDA3CDB-E448-4DFD-8F3B-A45AEB6A23C5}.Debug|Any CPU.ActiveCfg = Debug|Any CPU
		{1EDA3CDB-E448-4DFD-8F3B-A45AEB6A23C5}.Debug|Any CPU.Build.0 = Debug|Any CPU
		{1EDA3CDB-E448-4DFD-8F3B-A45AEB6A23C5}.Release|Any CPU.ActiveCfg = Release|Any CPU
		{1EDA3CDB-E448-4DFD-8F3B-A45AEB6A23C5}.Release|Any CPU.Build.0 = Release|Any CPU
		{6CA8EAE1-ACD9-4CA5-8802-FCAD099A178F}.Debug|Any CPU.ActiveCfg = Debug|Any CPU
		{6CA8EAE1-ACD9-4CA5-8802-FCAD099A178F}.Debug|Any CPU.Build.0 = Debug|Any CPU
		{6CA8EAE1-ACD9-4CA5-8802-FCAD099A178F}.Release|Any CPU.ActiveCfg = Release|Any CPU
		{6CA8EAE1-ACD9-4CA5-8802-FCAD099A178F}.Release|Any CPU.Build.0 = Release|Any CPU
		{866CE1CD-5D05-4E20-B6B9-620717E3FED6}.Debug|Any CPU.ActiveCfg = Debug|Any CPU
		{866CE1CD-5D05-4E20-B6B9-620717E3FED6}.Debug|Any CPU.Build.0 = Debug|Any CPU
		{866CE1CD-5D05-4E20-B6B9-620717E3FED6}.Release|Any CPU.ActiveCfg = Release|Any CPU
		{866CE1CD-5D05-4E20-B6B9-620717E3FED6}.Release|Any CPU.Build.0 = Release|Any CPU
	EndGlobalSection
	GlobalSection(SolutionProperties) = preSolution
		HideSolutionNode = FALSE
	EndGlobalSection
	GlobalSection(ExtensibilityGlobals) = postSolution
		SolutionGuid = {168911F7-E288-4679-A00E-75B709542299}
	EndGlobalSection
EndGlobal
